
Microsoft Visual Studio Solution File, Format Version 12.00
# Visual Studio Version 17
VisualStudioVersion = 17.5.33627.172
MinimumVisualStudioVersion = 10.0.40219.1
Project("{FAE04EC0-301F-11D3-BF4B-00C04F79EFBC}") = "DocumentGenerator", "DocumentGenerator.csproj", "{F94FF11A-14D3-4237-9E81-CCBC6CC83566}"
EndProject
Global
	GlobalSection(SolutionConfigurationPlatforms) = preSolution
		Debug|Any CPU = Debug|Any CPU
		Release|Any CPU = Release|Any CPU
	EndGlobalSection
	GlobalSection(ProjectConfigurationPlatforms) = postSolution
		{F94FF11A-14D3-4237-9E81-CCBC6CC83566}.Debug|Any CPU.ActiveCfg = Debug|Any CPU
		{F94FF11A-14D3-4237-9E81-CCBC6CC83566}.Debug|Any CPU.Build.0 = Debug|Any CPU
		{F94FF11A-14D3-4237-9E81-CCBC6CC83566}.Release|Any CPU.ActiveCfg = Release|Any CPU
		{F94FF11A-14D3-4237-9E81-CCBC6CC83566}.Release|Any CPU.Build.0 = Release|Any CPU
	EndGlobalSection
	GlobalSection(SolutionProperties) = preSolution
		HideSolutionNode = FALSE
	EndGlobalSection
	GlobalSection(ExtensibilityGlobals) = postSolution
		SolutionGuid = {E49EB2E4-BB52-4C22-9E8D-E1548B20504C}
	EndGlobalSection
EndGlobal
